// !$*UTF8*$!
{
	archiveVersion = 1;
	classes = {
	};
	objectVersion = 56;
	objects = {

/* Begin PBXBuildFile section */
		045D978F2B8875900002CC64 /* RouterPatternApp.swift in Sources */ = {isa = PBXBuildFile; fileRef = 045D978E2B8875900002CC64 /* RouterPatternApp.swift */; };
		045D97932B8875910002CC64 /* Assets.xcassets in Resources */ = {isa = PBXBuildFile; fileRef = 045D97922B8875910002CC64 /* Assets.xcassets */; };
		045D97972B8875910002CC64 /* Preview Assets.xcassets in Resources */ = {isa = PBXBuildFile; fileRef = 045D97962B8875910002CC64 /* Preview Assets.xcassets */; };
		045D97A12B8875920002CC64 /* RouterPatternTests.swift in Sources */ = {isa = PBXBuildFile; fileRef = 045D97A02B8875920002CC64 /* RouterPatternTests.swift */; };
		045D97AB2B8875920002CC64 /* RouterPatternUITests.swift in Sources */ = {isa = PBXBuildFile; fileRef = 045D97AA2B8875920002CC64 /* RouterPatternUITests.swift */; };
		045D97AD2B8875920002CC64 /* RouterPatternUITestsLaunchTests.swift in Sources */ = {isa = PBXBuildFile; fileRef = 045D97AC2B8875920002CC64 /* RouterPatternUITestsLaunchTests.swift */; };
		04D4467C2B8DEE9900F27D6F /* UserProtocol.swift in Sources */ = {isa = PBXBuildFile; fileRef = 04D446682B8DEE9900F27D6F /* UserProtocol.swift */; };
		04D4467D2B8DEE9900F27D6F /* ProfileView.swift in Sources */ = {isa = PBXBuildFile; fileRef = 04D446692B8DEE9900F27D6F /* ProfileView.swift */; };
		04D4467E2B8DEE9900F27D6F /* ProfileViewModel-NA.swift in Sources */ = {isa = PBXBuildFile; fileRef = 04D4466A2B8DEE9900F27D6F /* ProfileViewModel-NA.swift */; };
		04D4467F2B8DEE9900F27D6F /* Coordinator copy.swift in Sources */ = {isa = PBXBuildFile; fileRef = 04D4466C2B8DEE9900F27D6F /* Coordinator copy.swift */; };
		04D446802B8DEE9900F27D6F /* AppCoordinatorViewModel.swift in Sources */ = {isa = PBXBuildFile; fileRef = 04D4466D2B8DEE9900F27D6F /* AppCoordinatorViewModel.swift */; };
		04D446812B8DEE9900F27D6F /* AppCoordinatorView.swift in Sources */ = {isa = PBXBuildFile; fileRef = 04D4466E2B8DEE9900F27D6F /* AppCoordinatorView.swift */; };
		04D446822B8DEE9900F27D6F /* Router.swift in Sources */ = {isa = PBXBuildFile; fileRef = 04D4466F2B8DEE9900F27D6F /* Router.swift */; };
		04D446832B8DEE9900F27D6F /* LoginViewModel.swift in Sources */ = {isa = PBXBuildFile; fileRef = 04D446712B8DEE9900F27D6F /* LoginViewModel.swift */; };
		04D446842B8DEE9900F27D6F /* LoginView.swift in Sources */ = {isa = PBXBuildFile; fileRef = 04D446722B8DEE9900F27D6F /* LoginView.swift */; };
		04D446852B8DEE9900F27D6F /* AppUserModel.swift in Sources */ = {isa = PBXBuildFile; fileRef = 04D446732B8DEE9900F27D6F /* AppUserModel.swift */; };
		04D446862B8DEE9900F27D6F /* UserDetailModel.swift in Sources */ = {isa = PBXBuildFile; fileRef = 04D446742B8DEE9900F27D6F /* UserDetailModel.swift */; };
		04D446872B8DEE9900F27D6F /* FriendModel.swift in Sources */ = {isa = PBXBuildFile; fileRef = 04D446762B8DEE9900F27D6F /* FriendModel.swift */; };
		04D446882B8DEE9900F27D6F /* FriendDataService.swift in Sources */ = {isa = PBXBuildFile; fileRef = 04D446772B8DEE9900F27D6F /* FriendDataService.swift */; };
		04D446892B8DEE9900F27D6F /* FriendListView.swift in Sources */ = {isa = PBXBuildFile; fileRef = 04D446782B8DEE9900F27D6F /* FriendListView.swift */; };
		04D4468A2B8DEE9900F27D6F /* FriendListViewModel.swift in Sources */ = {isa = PBXBuildFile; fileRef = 04D446792B8DEE9900F27D6F /* FriendListViewModel.swift */; };
		04D4468B2B8DEE9900F27D6F /* SettingsView.swift in Sources */ = {isa = PBXBuildFile; fileRef = 04D4467B2B8DEE9900F27D6F /* SettingsView.swift */; };
/* End PBXBuildFile section */

/* Begin PBXContainerItemProxy section */
		045D979D2B8875920002CC64 /* PBXContainerItemProxy */ = {
			isa = PBXContainerItemProxy;
			containerPortal = 045D97832B8875900002CC64 /* Project object */;
			proxyType = 1;
			remoteGlobalIDString = 045D978A2B8875900002CC64;
			remoteInfo = CoorinatorPattern;
		};
		045D97A72B8875920002CC64 /* PBXContainerItemProxy */ = {
			isa = PBXContainerItemProxy;
			containerPortal = 045D97832B8875900002CC64 /* Project object */;
			proxyType = 1;
			remoteGlobalIDString = 045D978A2B8875900002CC64;
			remoteInfo = CoorinatorPattern;
		};
/* End PBXContainerItemProxy section */

/* Begin PBXFileReference section */
		045D978B2B8875900002CC64 /* RouterPattern.app */ = {isa = PBXFileReference; explicitFileType = wrapper.application; includeInIndex = 0; path = RouterPattern.app; sourceTree = BUILT_PRODUCTS_DIR; };
		045D978E2B8875900002CC64 /* RouterPatternApp.swift */ = {isa = PBXFileReference; lastKnownFileType = sourcecode.swift; path = RouterPatternApp.swift; sourceTree = "<group>"; };
		045D97922B8875910002CC64 /* Assets.xcassets */ = {isa = PBXFileReference; lastKnownFileType = folder.assetcatalog; path = Assets.xcassets; sourceTree = "<group>"; };
		045D97942B8875910002CC64 /* RouterPattern.entitlements */ = {isa = PBXFileReference; lastKnownFileType = text.plist.entitlements; path = RouterPattern.entitlements; sourceTree = "<group>"; };
		045D97962B8875910002CC64 /* Preview Assets.xcassets */ = {isa = PBXFileReference; lastKnownFileType = folder.assetcatalog; path = "Preview Assets.xcassets"; sourceTree = "<group>"; };
		045D979C2B8875920002CC64 /* RouterPatternTests.xctest */ = {isa = PBXFileReference; explicitFileType = wrapper.cfbundle; includeInIndex = 0; path = RouterPatternTests.xctest; sourceTree = BUILT_PRODUCTS_DIR; };
		045D97A02B8875920002CC64 /* RouterPatternTests.swift */ = {isa = PBXFileReference; lastKnownFileType = sourcecode.swift; path = RouterPatternTests.swift; sourceTree = "<group>"; };
		045D97A62B8875920002CC64 /* RouterPatternUITests.xctest */ = {isa = PBXFileReference; explicitFileType = wrapper.cfbundle; includeInIndex = 0; path = RouterPatternUITests.xctest; sourceTree = BUILT_PRODUCTS_DIR; };
		045D97AA2B8875920002CC64 /* RouterPatternUITests.swift */ = {isa = PBXFileReference; lastKnownFileType = sourcecode.swift; path = RouterPatternUITests.swift; sourceTree = "<group>"; };
		045D97AC2B8875920002CC64 /* RouterPatternUITestsLaunchTests.swift */ = {isa = PBXFileReference; lastKnownFileType = sourcecode.swift; path = RouterPatternUITestsLaunchTests.swift; sourceTree = "<group>"; };
		04D446682B8DEE9900F27D6F /* UserProtocol.swift */ = {isa = PBXFileReference; fileEncoding = 4; lastKnownFileType = sourcecode.swift; path = UserProtocol.swift; sourceTree = "<group>"; };
		04D446692B8DEE9900F27D6F /* ProfileView.swift */ = {isa = PBXFileReference; fileEncoding = 4; lastKnownFileType = sourcecode.swift; path = ProfileView.swift; sourceTree = "<group>"; };
		04D4466A2B8DEE9900F27D6F /* ProfileViewModel-NA.swift */ = {isa = PBXFileReference; fileEncoding = 4; lastKnownFileType = sourcecode.swift; path = "ProfileViewModel-NA.swift"; sourceTree = "<group>"; };
		04D4466C2B8DEE9900F27D6F /* Coordinator copy.swift */ = {isa = PBXFileReference; fileEncoding = 4; lastKnownFileType = sourcecode.swift; path = "Coordinator copy.swift"; sourceTree = "<group>"; };
		04D4466D2B8DEE9900F27D6F /* AppCoordinatorViewModel.swift */ = {isa = PBXFileReference; fileEncoding = 4; lastKnownFileType = sourcecode.swift; path = AppCoordinatorViewModel.swift; sourceTree = "<group>"; };
		04D4466E2B8DEE9900F27D6F /* AppCoordinatorView.swift */ = {isa = PBXFileReference; fileEncoding = 4; lastKnownFileType = sourcecode.swift; path = AppCoordinatorView.swift; sourceTree = "<group>"; };
		04D4466F2B8DEE9900F27D6F /* Router.swift */ = {isa = PBXFileReference; fileEncoding = 4; lastKnownFileType = sourcecode.swift; path = Router.swift; sourceTree = "<group>"; };
		04D446712B8DEE9900F27D6F /* LoginViewModel.swift */ = {isa = PBXFileReference; fileEncoding = 4; lastKnownFileType = sourcecode.swift; path = LoginViewModel.swift; sourceTree = "<group>"; };
		04D446722B8DEE9900F27D6F /* LoginView.swift */ = {isa = PBXFileReference; fileEncoding = 4; lastKnownFileType = sourcecode.swift; path = LoginView.swift; sourceTree = "<group>"; };
		04D446732B8DEE9900F27D6F /* AppUserModel.swift */ = {isa = PBXFileReference; fileEncoding = 4; lastKnownFileType = sourcecode.swift; path = AppUserModel.swift; sourceTree = "<group>"; };
		04D446742B8DEE9900F27D6F /* UserDetailModel.swift */ = {isa = PBXFileReference; fileEncoding = 4; lastKnownFileType = sourcecode.swift; path = UserDetailModel.swift; sourceTree = "<group>"; };
		04D446762B8DEE9900F27D6F /* FriendModel.swift */ = {isa = PBXFileReference; fileEncoding = 4; lastKnownFileType = sourcecode.swift; path = FriendModel.swift; sourceTree = "<group>"; };
		04D446772B8DEE9900F27D6F /* FriendDataService.swift */ = {isa = PBXFileReference; fileEncoding = 4; lastKnownFileType = sourcecode.swift; path = FriendDataService.swift; sourceTree = "<group>"; };
		04D446782B8DEE9900F27D6F /* FriendListView.swift */ = {isa = PBXFileReference; fileEncoding = 4; lastKnownFileType = sourcecode.swift; path = FriendListView.swift; sourceTree = "<group>"; };
		04D446792B8DEE9900F27D6F /* FriendListViewModel.swift */ = {isa = PBXFileReference; fileEncoding = 4; lastKnownFileType = sourcecode.swift; path = FriendListViewModel.swift; sourceTree = "<group>"; };
		04D4467B2B8DEE9900F27D6F /* SettingsView.swift */ = {isa = PBXFileReference; fileEncoding = 4; lastKnownFileType = sourcecode.swift; path = SettingsView.swift; sourceTree = "<group>"; };
/* End PBXFileReference section */

/* Begin PBXFrameworksBuildPhase section */
		045D97882B8875900002CC64 /* Frameworks */ = {
			isa = PBXFrameworksBuildPhase;
			buildActionMask = 2147483647;
			files = (
			);
			runOnlyForDeploymentPostprocessing = 0;
		};
		045D97992B8875920002CC64 /* Frameworks */ = {
			isa = PBXFrameworksBuildPhase;
			buildActionMask = 2147483647;
			files = (
			);
			runOnlyForDeploymentPostprocessing = 0;
		};
		045D97A32B8875920002CC64 /* Frameworks */ = {
			isa = PBXFrameworksBuildPhase;
			buildActionMask = 2147483647;
			files = (
			);
			runOnlyForDeploymentPostprocessing = 0;
		};
/* End PBXFrameworksBuildPhase section */

/* Begin PBXGroup section */
		045D97822B8875900002CC64 = {
			isa = PBXGroup;
			children = (
				045D978D2B8875900002CC64 /* RouterPattern */,
				045D979F2B8875920002CC64 /* RouterPatternTests */,
				045D97A92B8875920002CC64 /* RouterPatternUITests */,
				045D978C2B8875900002CC64 /* Products */,
			);
			sourceTree = "<group>";
		};
		045D978C2B8875900002CC64 /* Products */ = {
			isa = PBXGroup;
			children = (
				045D978B2B8875900002CC64 /* RouterPattern.app */,
				045D979C2B8875920002CC64 /* RouterPatternTests.xctest */,
				045D97A62B8875920002CC64 /* RouterPatternUITests.xctest */,
			);
			name = Products;
			sourceTree = "<group>";
		};
		045D978D2B8875900002CC64 /* RouterPattern */ = {
			isa = PBXGroup;
			children = (
				045D978E2B8875900002CC64 /* RouterPatternApp.swift */,
				04D446702B8DEE9900F27D6F /* LoginModule */,
				04D4466B2B8DEE9900F27D6F /* RoutingModule */,
				04D4467A2B8DEE9900F27D6F /* Settings */,
				04D446672B8DEE9900F27D6F /* UserProfileModule */,
				04D446752B8DEE9900F27D6F /* FriendModule */,
				045D97922B8875910002CC64 /* Assets.xcassets */,
				045D97942B8875910002CC64 /* RouterPattern.entitlements */,
				045D97952B8875910002CC64 /* Preview Content */,
			);
			path = RouterPattern;
			sourceTree = "<group>";
		};
		045D97952B8875910002CC64 /* Preview Content */ = {
			isa = PBXGroup;
			children = (
				045D97962B8875910002CC64 /* Preview Assets.xcassets */,
			);
			path = "Preview Content";
			sourceTree = "<group>";
		};
		045D979F2B8875920002CC64 /* RouterPatternTests */ = {
			isa = PBXGroup;
			children = (
				045D97A02B8875920002CC64 /* RouterPatternTests.swift */,
			);
			path = RouterPatternTests;
			sourceTree = "<group>";
		};
		045D97A92B8875920002CC64 /* RouterPatternUITests */ = {
			isa = PBXGroup;
			children = (
				045D97AA2B8875920002CC64 /* RouterPatternUITests.swift */,
				045D97AC2B8875920002CC64 /* RouterPatternUITestsLaunchTests.swift */,
			);
			path = RouterPatternUITests;
			sourceTree = "<group>";
		};
		04D446672B8DEE9900F27D6F /* UserProfileModule */ = {
			isa = PBXGroup;
			children = (
				04D446682B8DEE9900F27D6F /* UserProtocol.swift */,
				04D446692B8DEE9900F27D6F /* ProfileView.swift */,
				04D4466A2B8DEE9900F27D6F /* ProfileViewModel-NA.swift */,
			);
			path = UserProfileModule;
			sourceTree = "<group>";
		};
		04D4466B2B8DEE9900F27D6F /* RoutingModule */ = {
			isa = PBXGroup;
			children = (
				04D4466C2B8DEE9900F27D6F /* Coordinator copy.swift */,
				04D4466D2B8DEE9900F27D6F /* AppCoordinatorViewModel.swift */,
				04D4466E2B8DEE9900F27D6F /* AppCoordinatorView.swift */,
				04D4466F2B8DEE9900F27D6F /* Router.swift */,
			);
			path = RoutingModule;
			sourceTree = "<group>";
		};
		04D446702B8DEE9900F27D6F /* LoginModule */ = {
			isa = PBXGroup;
			children = (
				04D446712B8DEE9900F27D6F /* LoginViewModel.swift */,
				04D446722B8DEE9900F27D6F /* LoginView.swift */,
				04D446732B8DEE9900F27D6F /* AppUserModel.swift */,
				04D446742B8DEE9900F27D6F /* UserDetailModel.swift */,
			);
			path = LoginModule;
			sourceTree = "<group>";
		};
		04D446752B8DEE9900F27D6F /* FriendModule */ = {
			isa = PBXGroup;
			children = (
				04D446762B8DEE9900F27D6F /* FriendModel.swift */,
				04D446772B8DEE9900F27D6F /* FriendDataService.swift */,
				04D446782B8DEE9900F27D6F /* FriendListView.swift */,
				04D446792B8DEE9900F27D6F /* FriendListViewModel.swift */,
			);
			path = FriendModule;
			sourceTree = "<group>";
		};
		04D4467A2B8DEE9900F27D6F /* Settings */ = {
			isa = PBXGroup;
			children = (
				04D4467B2B8DEE9900F27D6F /* SettingsView.swift */,
			);
			path = Settings;
			sourceTree = "<group>";
		};
/* End PBXGroup section */

/* Begin PBXNativeTarget section */
		045D978A2B8875900002CC64 /* RouterPattern */ = {
			isa = PBXNativeTarget;
			buildConfigurationList = 045D97B02B8875920002CC64 /* Build configuration list for PBXNativeTarget "RouterPattern" */;
			buildPhases = (
				045D97872B8875900002CC64 /* Sources */,
				045D97882B8875900002CC64 /* Frameworks */,
				045D97892B8875900002CC64 /* Resources */,
			);
			buildRules = (
			);
			dependencies = (
			);
			name = RouterPattern;
			productName = CoorinatorPattern;
			productReference = 045D978B2B8875900002CC64 /* RouterPattern.app */;
			productType = "com.apple.product-type.application";
		};
		045D979B2B8875920002CC64 /* RouterPatternTests */ = {
			isa = PBXNativeTarget;
			buildConfigurationList = 045D97B32B8875920002CC64 /* Build configuration list for PBXNativeTarget "RouterPatternTests" */;
			buildPhases = (
				045D97982B8875920002CC64 /* Sources */,
				045D97992B8875920002CC64 /* Frameworks */,
				045D979A2B8875920002CC64 /* Resources */,
			);
			buildRules = (
			);
			dependencies = (
				045D979E2B8875920002CC64 /* PBXTargetDependency */,
			);
			name = RouterPatternTests;
			productName = CoorinatorPatternTests;
			productReference = 045D979C2B8875920002CC64 /* RouterPatternTests.xctest */;
			productType = "com.apple.product-type.bundle.unit-test";
		};
		045D97A52B8875920002CC64 /* RouterPatternUITests */ = {
			isa = PBXNativeTarget;
			buildConfigurationList = 045D97B62B8875920002CC64 /* Build configuration list for PBXNativeTarget "RouterPatternUITests" */;
			buildPhases = (
				045D97A22B8875920002CC64 /* Sources */,
				045D97A32B8875920002CC64 /* Frameworks */,
				045D97A42B8875920002CC64 /* Resources */,
			);
			buildRules = (
			);
			dependencies = (
				045D97A82B8875920002CC64 /* PBXTargetDependency */,
			);
			name = RouterPatternUITests;
			productName = CoorinatorPatternUITests;
			productReference = 045D97A62B8875920002CC64 /* RouterPatternUITests.xctest */;
			productType = "com.apple.product-type.bundle.ui-testing";
		};
/* End PBXNativeTarget section */

/* Begin PBXProject section */
		045D97832B8875900002CC64 /* Project object */ = {
			isa = PBXProject;
			attributes = {
				BuildIndependentTargetsInParallel = 1;
				LastSwiftUpdateCheck = 1520;
				LastUpgradeCheck = 1520;
				TargetAttributes = {
					045D978A2B8875900002CC64 = {
						CreatedOnToolsVersion = 15.2;
					};
					045D979B2B8875920002CC64 = {
						CreatedOnToolsVersion = 15.2;
						TestTargetID = 045D978A2B8875900002CC64;
					};
					045D97A52B8875920002CC64 = {
						CreatedOnToolsVersion = 15.2;
						TestTargetID = 045D978A2B8875900002CC64;
					};
				};
			};
			buildConfigurationList = 045D97862B8875900002CC64 /* Build configuration list for PBXProject "RouterPattern" */;
			compatibilityVersion = "Xcode 14.0";
			developmentRegion = en;
			hasScannedForEncodings = 0;
			knownRegions = (
				en,
				Base,
			);
			mainGroup = 045D97822B8875900002CC64;
			productRefGroup = 045D978C2B8875900002CC64 /* Products */;
			projectDirPath = "";
			projectRoot = "";
			targets = (
				045D978A2B8875900002CC64 /* RouterPattern */,
				045D979B2B8875920002CC64 /* RouterPatternTests */,
				045D97A52B8875920002CC64 /* RouterPatternUITests */,
			);
		};
/* End PBXProject section */

/* Begin PBXResourcesBuildPhase section */
		045D97892B8875900002CC64 /* Resources */ = {
			isa = PBXResourcesBuildPhase;
			buildActionMask = 2147483647;
			files = (
				045D97972B8875910002CC64 /* Preview Assets.xcassets in Resources */,
				045D97932B8875910002CC64 /* Assets.xcassets in Resources */,
			);
			runOnlyForDeploymentPostprocessing = 0;
		};
		045D979A2B8875920002CC64 /* Resources */ = {
			isa = PBXResourcesBuildPhase;
			buildActionMask = 2147483647;
			files = (
			);
			runOnlyForDeploymentPostprocessing = 0;
		};
		045D97A42B8875920002CC64 /* Resources */ = {
			isa = PBXResourcesBuildPhase;
			buildActionMask = 2147483647;
			files = (
			);
			runOnlyForDeploymentPostprocessing = 0;
		};
/* End PBXResourcesBuildPhase section */

/* Begin PBXSourcesBuildPhase section */
		045D97872B8875900002CC64 /* Sources */ = {
			isa = PBXSourcesBuildPhase;
			buildActionMask = 2147483647;
			files = (
				04D446822B8DEE9900F27D6F /* Router.swift in Sources */,
				04D446882B8DEE9900F27D6F /* FriendDataService.swift in Sources */,
				04D446812B8DEE9900F27D6F /* AppCoordinatorView.swift in Sources */,
				04D4467C2B8DEE9900F27D6F /* UserProtocol.swift in Sources */,
				04D4468A2B8DEE9900F27D6F /* FriendListViewModel.swift in Sources */,
				04D4468B2B8DEE9900F27D6F /* SettingsView.swift in Sources */,
				04D4467E2B8DEE9900F27D6F /* ProfileViewModel-NA.swift in Sources */,
				04D4467D2B8DEE9900F27D6F /* ProfileView.swift in Sources */,
				04D446802B8DEE9900F27D6F /* AppCoordinatorViewModel.swift in Sources */,
				04D4467F2B8DEE9900F27D6F /* Coordinator copy.swift in Sources */,
				04D446872B8DEE9900F27D6F /* FriendModel.swift in Sources */,
				04D446862B8DEE9900F27D6F /* UserDetailModel.swift in Sources */,
				04D446852B8DEE9900F27D6F /* AppUserModel.swift in Sources */,
				045D978F2B8875900002CC64 /* RouterPatternApp.swift in Sources */,
				04D446842B8DEE9900F27D6F /* LoginView.swift in Sources */,
				04D446832B8DEE9900F27D6F /* LoginViewModel.swift in Sources */,
				04D446892B8DEE9900F27D6F /* FriendListView.swift in Sources */,
			);
			runOnlyForDeploymentPostprocessing = 0;
		};
		045D97982B8875920002CC64 /* Sources */ = {
			isa = PBXSourcesBuildPhase;
			buildActionMask = 2147483647;
			files = (
				045D97A12B8875920002CC64 /* RouterPatternTests.swift in Sources */,
			);
			runOnlyForDeploymentPostprocessing = 0;
		};
		045D97A22B8875920002CC64 /* Sources */ = {
			isa = PBXSourcesBuildPhase;
			buildActionMask = 2147483647;
			files = (
				045D97AB2B8875920002CC64 /* RouterPatternUITests.swift in Sources */,
				045D97AD2B8875920002CC64 /* RouterPatternUITestsLaunchTests.swift in Sources */,
			);
			runOnlyForDeploymentPostprocessing = 0;
		};
/* End PBXSourcesBuildPhase section */

/* Begin PBXTargetDependency section */
		045D979E2B8875920002CC64 /* PBXTargetDependency */ = {
			isa = PBXTargetDependency;
			target = 045D978A2B8875900002CC64 /* RouterPattern */;
			targetProxy = 045D979D2B8875920002CC64 /* PBXContainerItemProxy */;
		};
		045D97A82B8875920002CC64 /* PBXTargetDependency */ = {
			isa = PBXTargetDependency;
			target = 045D978A2B8875900002CC64 /* RouterPattern */;
			targetProxy = 045D97A72B8875920002CC64 /* PBXContainerItemProxy */;
		};
/* End PBXTargetDependency section */

/* Begin XCBuildConfiguration section */
		045D97AE2B8875920002CC64 /* Debug */ = {
			isa = XCBuildConfiguration;
			buildSettings = {
				ALWAYS_SEARCH_USER_PATHS = NO;
				ASSETCATALOG_COMPILER_GENERATE_SWIFT_ASSET_SYMBOL_EXTENSIONS = YES;
				CLANG_ANALYZER_NONNULL = YES;
				CLANG_ANALYZER_NUMBER_OBJECT_CONVERSION = YES_AGGRESSIVE;
				CLANG_CXX_LANGUAGE_STANDARD = "gnu++20";
				CLANG_ENABLE_MODULES = YES;
				CLANG_ENABLE_OBJC_ARC = YES;
				CLANG_ENABLE_OBJC_WEAK = YES;
				CLANG_WARN_BLOCK_CAPTURE_AUTORELEASING = YES;
				CLANG_WARN_BOOL_CONVERSION = YES;
				CLANG_WARN_COMMA = YES;
				CLANG_WARN_CONSTANT_CONVERSION = YES;
				CLANG_WARN_DEPRECATED_OBJC_IMPLEMENTATIONS = YES;
				CLANG_WARN_DIRECT_OBJC_ISA_USAGE = YES_ERROR;
				CLANG_WARN_DOCUMENTATION_COMMENTS = YES;
				CLANG_WARN_EMPTY_BODY = YES;
				CLANG_WARN_ENUM_CONVERSION = YES;
				CLANG_WARN_INFINITE_RECURSION = YES;
				CLANG_WARN_INT_CONVERSION = YES;
				CLANG_WARN_NON_LITERAL_NULL_CONVERSION = YES;
				CLANG_WARN_OBJC_IMPLICIT_RETAIN_SELF = YES;
				CLANG_WARN_OBJC_LITERAL_CONVERSION = YES;
				CLANG_WARN_OBJC_ROOT_CLASS = YES_ERROR;
				CLANG_WARN_QUOTED_INCLUDE_IN_FRAMEWORK_HEADER = YES;
				CLANG_WARN_RANGE_LOOP_ANALYSIS = YES;
				CLANG_WARN_STRICT_PROTOTYPES = YES;
				CLANG_WARN_SUSPICIOUS_MOVE = YES;
				CLANG_WARN_UNGUARDED_AVAILABILITY = YES_AGGRESSIVE;
				CLANG_WARN_UNREACHABLE_CODE = YES;
				CLANG_WARN__DUPLICATE_METHOD_MATCH = YES;
				COPY_PHASE_STRIP = NO;
				DEBUG_INFORMATION_FORMAT = dwarf;
				ENABLE_STRICT_OBJC_MSGSEND = YES;
				ENABLE_TESTABILITY = YES;
				ENABLE_USER_SCRIPT_SANDBOXING = YES;
				GCC_C_LANGUAGE_STANDARD = gnu17;
				GCC_DYNAMIC_NO_PIC = NO;
				GCC_NO_COMMON_BLOCKS = YES;
				GCC_OPTIMIZATION_LEVEL = 0;
				GCC_PREPROCESSOR_DEFINITIONS = (
					"DEBUG=1",
					"$(inherited)",
				);
				GCC_WARN_64_TO_32_BIT_CONVERSION = YES;
				GCC_WARN_ABOUT_RETURN_TYPE = YES_ERROR;
				GCC_WARN_UNDECLARED_SELECTOR = YES;
				GCC_WARN_UNINITIALIZED_AUTOS = YES_AGGRESSIVE;
				GCC_WARN_UNUSED_FUNCTION = YES;
				GCC_WARN_UNUSED_VARIABLE = YES;
				LOCALIZATION_PREFERS_STRING_CATALOGS = YES;
				MTL_ENABLE_DEBUG_INFO = INCLUDE_SOURCE;
				MTL_FAST_MATH = YES;
				ONLY_ACTIVE_ARCH = YES;
				SWIFT_ACTIVE_COMPILATION_CONDITIONS = "DEBUG $(inherited)";
				SWIFT_OPTIMIZATION_LEVEL = "-Onone";
			};
			name = Debug;
		};
		045D97AF2B8875920002CC64 /* Release */ = {
			isa = XCBuildConfiguration;
			buildSettings = {
				ALWAYS_SEARCH_USER_PATHS = NO;
				ASSETCATALOG_COMPILER_GENERATE_SWIFT_ASSET_SYMBOL_EXTENSIONS = YES;
				CLANG_ANALYZER_NONNULL = YES;
				CLANG_ANALYZER_NUMBER_OBJECT_CONVERSION = YES_AGGRESSIVE;
				CLANG_CXX_LANGUAGE_STANDARD = "gnu++20";
				CLANG_ENABLE_MODULES = YES;
				CLANG_ENABLE_OBJC_ARC = YES;
				CLANG_ENABLE_OBJC_WEAK = YES;
				CLANG_WARN_BLOCK_CAPTURE_AUTORELEASING = YES;
				CLANG_WARN_BOOL_CONVERSION = YES;
				CLANG_WARN_COMMA = YES;
				CLANG_WARN_CONSTANT_CONVERSION = YES;
				CLANG_WARN_DEPRECATED_OBJC_IMPLEMENTATIONS = YES;
				CLANG_WARN_DIRECT_OBJC_ISA_USAGE = YES_ERROR;
				CLANG_WARN_DOCUMENTATION_COMMENTS = YES;
				CLANG_WARN_EMPTY_BODY = YES;
				CLANG_WARN_ENUM_CONVERSION = YES;
				CLANG_WARN_INFINITE_RECURSION = YES;
				CLANG_WARN_INT_CONVERSION = YES;
				CLANG_WARN_NON_LITERAL_NULL_CONVERSION = YES;
				CLANG_WARN_OBJC_IMPLICIT_RETAIN_SELF = YES;
				CLANG_WARN_OBJC_LITERAL_CONVERSION = YES;
				CLANG_WARN_OBJC_ROOT_CLASS = YES_ERROR;
				CLANG_WARN_QUOTED_INCLUDE_IN_FRAMEWORK_HEADER = YES;
				CLANG_WARN_RANGE_LOOP_ANALYSIS = YES;
				CLANG_WARN_STRICT_PROTOTYPES = YES;
				CLANG_WARN_SUSPICIOUS_MOVE = YES;
				CLANG_WARN_UNGUARDED_AVAILABILITY = YES_AGGRESSIVE;
				CLANG_WARN_UNREACHABLE_CODE = YES;
				CLANG_WARN__DUPLICATE_METHOD_MATCH = YES;
				COPY_PHASE_STRIP = NO;
				DEBUG_INFORMATION_FORMAT = "dwarf-with-dsym";
				ENABLE_NS_ASSERTIONS = NO;
				ENABLE_STRICT_OBJC_MSGSEND = YES;
				ENABLE_USER_SCRIPT_SANDBOXING = YES;
				GCC_C_LANGUAGE_STANDARD = gnu17;
				GCC_NO_COMMON_BLOCKS = YES;
				GCC_WARN_64_TO_32_BIT_CONVERSION = YES;
				GCC_WARN_ABOUT_RETURN_TYPE = YES_ERROR;
				GCC_WARN_UNDECLARED_SELECTOR = YES;
				GCC_WARN_UNINITIALIZED_AUTOS = YES_AGGRESSIVE;
				GCC_WARN_UNUSED_FUNCTION = YES;
				GCC_WARN_UNUSED_VARIABLE = YES;
				LOCALIZATION_PREFERS_STRING_CATALOGS = YES;
				MTL_ENABLE_DEBUG_INFO = NO;
				MTL_FAST_MATH = YES;
				SWIFT_COMPILATION_MODE = wholemodule;
			};
			name = Release;
		};
		045D97B12B8875920002CC64 /* Debug */ = {
			isa = XCBuildConfiguration;
			buildSettings = {
				ASSETCATALOG_COMPILER_APPICON_NAME = AppIcon;
				ASSETCATALOG_COMPILER_GLOBAL_ACCENT_COLOR_NAME = AccentColor;
				CODE_SIGN_ENTITLEMENTS = RouterPattern/RouterPattern.entitlements;
				CODE_SIGN_STYLE = Manual;
				CURRENT_PROJECT_VERSION = 1;
				DEVELOPMENT_ASSET_PATHS = "\"RouterPattern/Preview Content\"";
				DEVELOPMENT_TEAM = "";
				ENABLE_PREVIEWS = YES;
				GENERATE_INFOPLIST_FILE = YES;
				"INFOPLIST_KEY_UIApplicationSceneManifest_Generation[sdk=iphoneos*]" = YES;
				"INFOPLIST_KEY_UIApplicationSceneManifest_Generation[sdk=iphonesimulator*]" = YES;
				"INFOPLIST_KEY_UIApplicationSupportsIndirectInputEvents[sdk=iphoneos*]" = YES;
				"INFOPLIST_KEY_UIApplicationSupportsIndirectInputEvents[sdk=iphonesimulator*]" = YES;
				"INFOPLIST_KEY_UILaunchScreen_Generation[sdk=iphoneos*]" = YES;
				"INFOPLIST_KEY_UILaunchScreen_Generation[sdk=iphonesimulator*]" = YES;
				"INFOPLIST_KEY_UIStatusBarStyle[sdk=iphoneos*]" = UIStatusBarStyleDefault;
				"INFOPLIST_KEY_UIStatusBarStyle[sdk=iphonesimulator*]" = UIStatusBarStyleDefault;
				INFOPLIST_KEY_UISupportedInterfaceOrientations_iPad = "UIInterfaceOrientationPortrait UIInterfaceOrientationPortraitUpsideDown UIInterfaceOrientationLandscapeLeft UIInterfaceOrientationLandscapeRight";
				INFOPLIST_KEY_UISupportedInterfaceOrientations_iPhone = "UIInterfaceOrientationPortrait UIInterfaceOrientationLandscapeLeft UIInterfaceOrientationLandscapeRight";
				IPHONEOS_DEPLOYMENT_TARGET = 17.2;
				LD_RUNPATH_SEARCH_PATHS = "@executable_path/Frameworks";
				"LD_RUNPATH_SEARCH_PATHS[sdk=macosx*]" = "@executable_path/../Frameworks";
				MACOSX_DEPLOYMENT_TARGET = 14.2;
				MARKETING_VERSION = 1.0;
				PRODUCT_BUNDLE_IDENTIFIER = com.smartsense.RouterPattern;
				PRODUCT_NAME = "$(TARGET_NAME)";
				PROVISIONING_PROFILE_SPECIFIER = "";
				SDKROOT = auto;
				SUPPORTED_PLATFORMS = "iphoneos iphonesimulator macosx";
				SWIFT_EMIT_LOC_STRINGS = YES;
				SWIFT_VERSION = 5.0;
				TARGETED_DEVICE_FAMILY = "1,2";
			};
			name = Debug;
		};
		045D97B22B8875920002CC64 /* Release */ = {
			isa = XCBuildConfiguration;
			buildSettings = {
				ASSETCATALOG_COMPILER_APPICON_NAME = AppIcon;
				ASSETCATALOG_COMPILER_GLOBAL_ACCENT_COLOR_NAME = AccentColor;
				CODE_SIGN_ENTITLEMENTS = RouterPattern/RouterPattern.entitlements;
				CODE_SIGN_STYLE = Manual;
				CURRENT_PROJECT_VERSION = 1;
				DEVELOPMENT_ASSET_PATHS = "\"RouterPattern/Preview Content\"";
				DEVELOPMENT_TEAM = "";
				ENABLE_PREVIEWS = YES;
				GENERATE_INFOPLIST_FILE = YES;
				"INFOPLIST_KEY_UIApplicationSceneManifest_Generation[sdk=iphoneos*]" = YES;
				"INFOPLIST_KEY_UIApplicationSceneManifest_Generation[sdk=iphonesimulator*]" = YES;
				"INFOPLIST_KEY_UIApplicationSupportsIndirectInputEvents[sdk=iphoneos*]" = YES;
				"INFOPLIST_KEY_UIApplicationSupportsIndirectInputEvents[sdk=iphonesimulator*]" = YES;
				"INFOPLIST_KEY_UILaunchScreen_Generation[sdk=iphoneos*]" = YES;
				"INFOPLIST_KEY_UILaunchScreen_Generation[sdk=iphonesimulator*]" = YES;
				"INFOPLIST_KEY_UIStatusBarStyle[sdk=iphoneos*]" = UIStatusBarStyleDefault;
				"INFOPLIST_KEY_UIStatusBarStyle[sdk=iphonesimulator*]" = UIStatusBarStyleDefault;
				INFOPLIST_KEY_UISupportedInterfaceOrientations_iPad = "UIInterfaceOrientationPortrait UIInterfaceOrientationPortraitUpsideDown UIInterfaceOrientationLandscapeLeft UIInterfaceOrientationLandscapeRight";
				INFOPLIST_KEY_UISupportedInterfaceOrientations_iPhone = "UIInterfaceOrientationPortrait UIInterfaceOrientationLandscapeLeft UIInterfaceOrientationLandscapeRight";
				IPHONEOS_DEPLOYMENT_TARGET = 17.2;
				LD_RUNPATH_SEARCH_PATHS = "@executable_path/Frameworks";
				"LD_RUNPATH_SEARCH_PATHS[sdk=macosx*]" = "@executable_path/../Frameworks";
				MACOSX_DEPLOYMENT_TARGET = 14.2;
				MARKETING_VERSION = 1.0;
				PRODUCT_BUNDLE_IDENTIFIER = com.smartsense.RouterPattern;
				PRODUCT_NAME = "$(TARGET_NAME)";
				PROVISIONING_PROFILE_SPECIFIER = "";
				SDKROOT = auto;
				SUPPORTED_PLATFORMS = "iphoneos iphonesimulator macosx";
				SWIFT_EMIT_LOC_STRINGS = YES;
				SWIFT_VERSION = 5.0;
				TARGETED_DEVICE_FAMILY = "1,2";
			};
			name = Release;
		};
		045D97B42B8875920002CC64 /* Debug */ = {
			isa = XCBuildConfiguration;
			buildSettings = {
				ALWAYS_EMBED_SWIFT_STANDARD_LIBRARIES = YES;
				BUNDLE_LOADER = "$(TEST_HOST)";
				CODE_SIGN_STYLE = Manual;
				CURRENT_PROJECT_VERSION = 1;
				DEVELOPMENT_TEAM = "";
				GENERATE_INFOPLIST_FILE = YES;
				IPHONEOS_DEPLOYMENT_TARGET = 17.2;
				MACOSX_DEPLOYMENT_TARGET = 14.2;
				MARKETING_VERSION = 1.0;
				PRODUCT_BUNDLE_IDENTIFIER = com.smartsense.RouterPatternTests;
				PRODUCT_NAME = "$(TARGET_NAME)";
				PROVISIONING_PROFILE_SPECIFIER = "";
				SDKROOT = auto;
				SUPPORTED_PLATFORMS = "iphoneos iphonesimulator macosx";
				SWIFT_EMIT_LOC_STRINGS = NO;
				SWIFT_VERSION = 5.0;
				TARGETED_DEVICE_FAMILY = "1,2";
				TEST_HOST = "$(BUILT_PRODUCTS_DIR)/RouterPattern.app/$(BUNDLE_EXECUTABLE_FOLDER_PATH)/RouterPattern";
			};
			name = Debug;
		};
		045D97B52B8875920002CC64 /* Release */ = {
			isa = XCBuildConfiguration;
			buildSettings = {
				ALWAYS_EMBED_SWIFT_STANDARD_LIBRARIES = YES;
				BUNDLE_LOADER = "$(TEST_HOST)";
				CODE_SIGN_STYLE = Manual;
				CURRENT_PROJECT_VERSION = 1;
				DEVELOPMENT_TEAM = "";
				GENERATE_INFOPLIST_FILE = YES;
				IPHONEOS_DEPLOYMENT_TARGET = 17.2;
				MACOSX_DEPLOYMENT_TARGET = 14.2;
				MARKETING_VERSION = 1.0;
				PRODUCT_BUNDLE_IDENTIFIER = com.smartsense.RouterPatternTests;
				PRODUCT_NAME = "$(TARGET_NAME)";
				PROVISIONING_PROFILE_SPECIFIER = "";
				SDKROOT = auto;
				SUPPORTED_PLATFORMS = "iphoneos iphonesimulator macosx";
				SWIFT_EMIT_LOC_STRINGS = NO;
				SWIFT_VERSION = 5.0;
				TARGETED_DEVICE_FAMILY = "1,2";
				TEST_HOST = "$(BUILT_PRODUCTS_DIR)/RouterPattern.app/$(BUNDLE_EXECUTABLE_FOLDER_PATH)/RouterPattern";
			};
			name = Release;
		};
		045D97B72B8875920002CC64 /* Debug */ = {
			isa = XCBuildConfiguration;
			buildSettings = {
				ALWAYS_EMBED_SWIFT_STANDARD_LIBRARIES = YES;
				CODE_SIGN_STYLE = Manual;
				CURRENT_PROJECT_VERSION = 1;
				DEVELOPMENT_TEAM = "";
				GENERATE_INFOPLIST_FILE = YES;
				IPHONEOS_DEPLOYMENT_TARGET = 17.2;
				MACOSX_DEPLOYMENT_TARGET = 14.2;
				MARKETING_VERSION = 1.0;
				PRODUCT_BUNDLE_IDENTIFIER = com.smartsense.RouterPatternUITests;
				PRODUCT_NAME = "$(TARGET_NAME)";
				PROVISIONING_PROFILE_SPECIFIER = "";
				SDKROOT = auto;
				SUPPORTED_PLATFORMS = "iphoneos iphonesimulator macosx";
				SWIFT_EMIT_LOC_STRINGS = NO;
				SWIFT_VERSION = 5.0;
				TARGETED_DEVICE_FAMILY = "1,2";
				TEST_TARGET_NAME = RouterPattern;
			};
			name = Debug;
		};
		045D97B82B8875920002CC64 /* Release */ = {
			isa = XCBuildConfiguration;
			buildSettings = {
				ALWAYS_EMBED_SWIFT_STANDARD_LIBRARIES = YES;
				CODE_SIGN_STYLE = Manual;
				CURRENT_PROJECT_VERSION = 1;
				DEVELOPMENT_TEAM = "";
				GENERATE_INFOPLIST_FILE = YES;
				IPHONEOS_DEPLOYMENT_TARGET = 17.2;
				MACOSX_DEPLOYMENT_TARGET = 14.2;
				MARKETING_VERSION = 1.0;
				PRODUCT_BUNDLE_IDENTIFIER = com.smartsense.RouterPatternUITests;
				PRODUCT_NAME = "$(TARGET_NAME)";
				PROVISIONING_PROFILE_SPECIFIER = "";
				SDKROOT = auto;
				SUPPORTED_PLATFORMS = "iphoneos iphonesimulator macosx";
				SWIFT_EMIT_LOC_STRINGS = NO;
				SWIFT_VERSION = 5.0;
				TARGETED_DEVICE_FAMILY = "1,2";
				TEST_TARGET_NAME = RouterPattern;
			};
			name = Release;
		};
/* End XCBuildConfiguration section */

/* Begin XCConfigurationList section */
		045D97862B8875900002CC64 /* Build configuration list for PBXProject "RouterPattern" */ = {
			isa = XCConfigurationList;
			buildConfigurations = (
				045D97AE2B8875920002CC64 /* Debug */,
				045D97AF2B8875920002CC64 /* Release */,
			);
			defaultConfigurationIsVisible = 0;
			defaultConfigurationName = Release;
		};
		045D97B02B8875920002CC64 /* Build configuration list for PBXNativeTarget "RouterPattern" */ = {
			isa = XCConfigurationList;
			buildConfigurations = (
				045D97B12B8875920002CC64 /* Debug */,
				045D97B22B8875920002CC64 /* Release */,
			);
			defaultConfigurationIsVisible = 0;
			defaultConfigurationName = Release;
		};
		045D97B32B8875920002CC64 /* Build configuration list for PBXNativeTarget "RouterPatternTests" */ = {
			isa = XCConfigurationList;
			buildConfigurations = (
				045D97B42B8875920002CC64 /* Debug */,
				045D97B52B8875920002CC64 /* Release */,
			);
			defaultConfigurationIsVisible = 0;
			defaultConfigurationName = Release;
		};
		045D97B62B8875920002CC64 /* Build configuration list for PBXNativeTarget "RouterPatternUITests" */ = {
			isa = XCConfigurationList;
			buildConfigurations = (
				045D97B72B8875920002CC64 /* Debug */,
				045D97B82B8875920002CC64 /* Release */,
			);
			defaultConfigurationIsVisible = 0;
			defaultConfigurationName = Release;
		};
/* End XCConfigurationList section */
	};
	rootObject = 045D97832B8875900002CC64 /* Project object */;
}
